// !$*UTF8*$!
{
	archiveVersion = 1;
	classes = {
	};
	objectVersion = 46;
	objects = {

/* Begin PBXBuildFile section */
		3DE1EDAA1DF69A4800BD3DDC /* main.m in Sources */ = {isa = PBXBuildFile; fileRef = 3DE1EDA91DF69A4800BD3DDC /* main.m */; };
		3DE1EDB51DF69A4800BD3DDC /* Assets.xcassets in Resources */ = {isa = PBXBuildFile; fileRef = 3DE1EDB41DF69A4800BD3DDC /* Assets.xcassets */; };
		3DE1EDB81DF69A4800BD3DDC /* LaunchScreen.storyboard in Resources */ = {isa = PBXBuildFile; fileRef = 3DE1EDB61DF69A4800BD3DDC /* LaunchScreen.storyboard */; };
		3DE1EDCC1DF6AFE200BD3DDC /* AppDelegate.m in Sources */ = {isa = PBXBuildFile; fileRef = 3DE1EDC71DF6AFE200BD3DDC /* AppDelegate.m */; };
		3DE1EDD01DF6B15200BD3DDC /* JPSTabBarController.m in Sources */ = {isa = PBXBuildFile; fileRef = 3DE1EDCF1DF6B15200BD3DDC /* JPSTabBarController.m */; };
		3DE1EDD61DF6B22500BD3DDC /* JPSCalendarController.m in Sources */ = {isa = PBXBuildFile; fileRef = 3DE1EDD51DF6B22500BD3DDC /* JPSCalendarController.m */; };
		3DE1EDD91DF6B24200BD3DDC /* JPSTodayController.m in Sources */ = {isa = PBXBuildFile; fileRef = 3DE1EDD81DF6B24200BD3DDC /* JPSTodayController.m */; };
		3DE1EDDF1DF6B42B00BD3DDC /* tabbar_nearby_btn_n@2x.png in Resources */ = {isa = PBXBuildFile; fileRef = 3DE1EDDD1DF6B42B00BD3DDC /* tabbar_nearby_btn_n@2x.png */; };
		3DE1EDE01DF6B42B00BD3DDC /* tabbar_nearby_btn_n@3x.png in Resources */ = {isa = PBXBuildFile; fileRef = 3DE1EDDE1DF6B42B00BD3DDC /* tabbar_nearby_btn_n@3x.png */; };
		3DE1EDE31DF6B44000BD3DDC /* tabbar_nearby_btn_s@2x.png in Resources */ = {isa = PBXBuildFile; fileRef = 3DE1EDE11DF6B44000BD3DDC /* tabbar_nearby_btn_s@2x.png */; };
		3DE1EDE41DF6B44000BD3DDC /* tabbar_nearby_btn_s@3x.png in Resources */ = {isa = PBXBuildFile; fileRef = 3DE1EDE21DF6B44000BD3DDC /* tabbar_nearby_btn_s@3x.png */; };
		3DE1EDE71DF6B46200BD3DDC /* tabbar_mine_icon_s@2x.png in Resources */ = {isa = PBXBuildFile; fileRef = 3DE1EDE51DF6B46200BD3DDC /* tabbar_mine_icon_s@2x.png */; };
		3DE1EDE81DF6B46200BD3DDC /* tabbar_mine_icon_s@3x.png in Resources */ = {isa = PBXBuildFile; fileRef = 3DE1EDE61DF6B46200BD3DDC /* tabbar_mine_icon_s@3x.png */; };
		3DE1EDEB1DF6B46F00BD3DDC /* tabbar_mine_icon_n@2x.png in Resources */ = {isa = PBXBuildFile; fileRef = 3DE1EDE91DF6B46F00BD3DDC /* tabbar_mine_icon_n@2x.png */; };
		3DE1EDEC1DF6B46F00BD3DDC /* tabbar_mine_icon_n@3x.png in Resources */ = {isa = PBXBuildFile; fileRef = 3DE1EDEA1DF6B46F00BD3DDC /* tabbar_mine_icon_n@3x.png */; };
		3DE1EDEF1DF6BB9700BD3DDC /* JPSNavigationController.m in Sources */ = {isa = PBXBuildFile; fileRef = 3DE1EDEE1DF6BB9700BD3DDC /* JPSNavigationController.m */; };
		3DE1EDF51DF6C26A00BD3DDC /* UIImage+Extension.m in Sources */ = {isa = PBXBuildFile; fileRef = 3DE1EDF41DF6C26A00BD3DDC /* UIImage+Extension.m */; };
/* End PBXBuildFile section */

/* Begin PBXFileReference section */
		3DE1EDA51DF69A4800BD3DDC /* PlanningDiary.app */ = {isa = PBXFileReference; explicitFileType = wrapper.application; includeInIndex = 0; path = PlanningDiary.app; sourceTree = BUILT_PRODUCTS_DIR; };
		3DE1EDA91DF69A4800BD3DDC /* main.m */ = {isa = PBXFileReference; lastKnownFileType = sourcecode.c.objc; path = main.m; sourceTree = "<group>"; };
		3DE1EDB41DF69A4800BD3DDC /* Assets.xcassets */ = {isa = PBXFileReference; lastKnownFileType = folder.assetcatalog; path = Assets.xcassets; sourceTree = "<group>"; };
		3DE1EDB71DF69A4800BD3DDC /* Base */ = {isa = PBXFileReference; lastKnownFileType = file.storyboard; name = Base; path = Base.lproj/LaunchScreen.storyboard; sourceTree = "<group>"; };
		3DE1EDB91DF69A4800BD3DDC /* Info.plist */ = {isa = PBXFileReference; lastKnownFileType = text.plist.xml; path = Info.plist; sourceTree = "<group>"; };
		3DE1EDC61DF6AFE200BD3DDC /* AppDelegate.h */ = {isa = PBXFileReference; fileEncoding = 4; lastKnownFileType = sourcecode.c.h; name = AppDelegate.h; path = ../Other/AppDelegate.h; sourceTree = "<group>"; };
		3DE1EDC71DF6AFE200BD3DDC /* AppDelegate.m */ = {isa = PBXFileReference; fileEncoding = 4; lastKnownFileType = sourcecode.c.objc; name = AppDelegate.m; path = ../Other/AppDelegate.m; sourceTree = "<group>"; };
		3DE1EDCE1DF6B15200BD3DDC /* JPSTabBarController.h */ = {isa = PBXFileReference; fileEncoding = 4; lastKnownFileType = sourcecode.c.h; path = JPSTabBarController.h; sourceTree = "<group>"; };
		3DE1EDCF1DF6B15200BD3DDC /* JPSTabBarController.m */ = {isa = PBXFileReference; fileEncoding = 4; lastKnownFileType = sourcecode.c.objc; path = JPSTabBarController.m; sourceTree = "<group>"; };
		3DE1EDD41DF6B22500BD3DDC /* JPSCalendarController.h */ = {isa = PBXFileReference; fileEncoding = 4; lastKnownFileType = sourcecode.c.h; path = JPSCalendarController.h; sourceTree = "<group>"; };
		3DE1EDD51DF6B22500BD3DDC /* JPSCalendarController.m */ = {isa = PBXFileReference; fileEncoding = 4; lastKnownFileType = sourcecode.c.objc; path = JPSCalendarController.m; sourceTree = "<group>"; };
		3DE1EDD71DF6B24200BD3DDC /* JPSTodayController.h */ = {isa = PBXFileReference; fileEncoding = 4; lastKnownFileType = sourcecode.c.h; path = JPSTodayController.h; sourceTree = "<group>"; };
		3DE1EDD81DF6B24200BD3DDC /* JPSTodayController.m */ = {isa = PBXFileReference; fileEncoding = 4; lastKnownFileType = sourcecode.c.objc; path = JPSTodayController.m; sourceTree = "<group>"; };
		3DE1EDDD1DF6B42B00BD3DDC /* tabbar_nearby_btn_n@2x.png */ = {isa = PBXFileReference; lastKnownFileType = image.png; path = "tabbar_nearby_btn_n@2x.png"; sourceTree = "<group>"; };
		3DE1EDDE1DF6B42B00BD3DDC /* tabbar_nearby_btn_n@3x.png */ = {isa = PBXFileReference; lastKnownFileType = image.png; path = "tabbar_nearby_btn_n@3x.png"; sourceTree = "<group>"; };
		3DE1EDE11DF6B44000BD3DDC /* tabbar_nearby_btn_s@2x.png */ = {isa = PBXFileReference; lastKnownFileType = image.png; path = "tabbar_nearby_btn_s@2x.png"; sourceTree = "<group>"; };
		3DE1EDE21DF6B44000BD3DDC /* tabbar_nearby_btn_s@3x.png */ = {isa = PBXFileReference; lastKnownFileType = image.png; path = "tabbar_nearby_btn_s@3x.png"; sourceTree = "<group>"; };
		3DE1EDE51DF6B46200BD3DDC /* tabbar_mine_icon_s@2x.png */ = {isa = PBXFileReference; lastKnownFileType = image.png; path = "tabbar_mine_icon_s@2x.png"; sourceTree = "<group>"; };
		3DE1EDE61DF6B46200BD3DDC /* tabbar_mine_icon_s@3x.png */ = {isa = PBXFileReference; lastKnownFileType = image.png; path = "tabbar_mine_icon_s@3x.png"; sourceTree = "<group>"; };
		3DE1EDE91DF6B46F00BD3DDC /* tabbar_mine_icon_n@2x.png */ = {isa = PBXFileReference; lastKnownFileType = image.png; path = "tabbar_mine_icon_n@2x.png"; sourceTree = "<group>"; };
		3DE1EDEA1DF6B46F00BD3DDC /* tabbar_mine_icon_n@3x.png */ = {isa = PBXFileReference; lastKnownFileType = image.png; path = "tabbar_mine_icon_n@3x.png"; sourceTree = "<group>"; };
		3DE1EDED1DF6BB9700BD3DDC /* JPSNavigationController.h */ = {isa = PBXFileReference; fileEncoding = 4; lastKnownFileType = sourcecode.c.h; path = JPSNavigationController.h; sourceTree = "<group>"; };
		3DE1EDEE1DF6BB9700BD3DDC /* JPSNavigationController.m */ = {isa = PBXFileReference; fileEncoding = 4; lastKnownFileType = sourcecode.c.objc; path = JPSNavigationController.m; sourceTree = "<group>"; };
		3DE1EDF01DF6C09B00BD3DDC /* PrefixHeader.pch */ = {isa = PBXFileReference; fileEncoding = 4; lastKnownFileType = sourcecode.c.h; path = PrefixHeader.pch; sourceTree = "<group>"; };
		3DE1EDF21DF6C18700BD3DDC /* JPSExtensionHeader.h */ = {isa = PBXFileReference; fileEncoding = 4; lastKnownFileType = sourcecode.c.h; path = JPSExtensionHeader.h; sourceTree = "<group>"; };
		3DE1EDF31DF6C26A00BD3DDC /* UIImage+Extension.h */ = {isa = PBXFileReference; fileEncoding = 4; lastKnownFileType = sourcecode.c.h; path = "UIImage+Extension.h"; sourceTree = "<group>"; };
		3DE1EDF41DF6C26A00BD3DDC /* UIImage+Extension.m */ = {isa = PBXFileReference; fileEncoding = 4; lastKnownFileType = sourcecode.c.objc; path = "UIImage+Extension.m"; sourceTree = "<group>"; };
		3DE1EDF81DF6C3F900BD3DDC /* JPSDefine.h */ = {isa = PBXFileReference; lastKnownFileType = sourcecode.c.h; path = JPSDefine.h; sourceTree = "<group>"; };
/* End PBXFileReference section */

/* Begin PBXFrameworksBuildPhase section */
		3DE1EDA21DF69A4800BD3DDC /* Frameworks */ = {
			isa = PBXFrameworksBuildPhase;
			buildActionMask = 2147483647;
			files = (
			);
			runOnlyForDeploymentPostprocessing = 0;
		};
/* End PBXFrameworksBuildPhase section */

/* Begin PBXGroup section */
		3DE1ED9C1DF69A4800BD3DDC = {
			isa = PBXGroup;
			children = (
				3DE1EDA71DF69A4800BD3DDC /* PlanningDiary */,
				3DE1EDA61DF69A4800BD3DDC /* Products */,
			);
			sourceTree = "<group>";
		};
		3DE1EDA61DF69A4800BD3DDC /* Products */ = {
			isa = PBXGroup;
			children = (
				3DE1EDA51DF69A4800BD3DDC /* PlanningDiary.app */,
			);
			name = Products;
			sourceTree = "<group>";
		};
		3DE1EDA71DF69A4800BD3DDC /* PlanningDiary */ = {
			isa = PBXGroup;
			children = (
				3DE1EDBF1DF6AFE200BD3DDC /* Class */,
				3DE1EDA81DF69A4800BD3DDC /* Supporting Files */,
			);
			path = PlanningDiary;
			sourceTree = "<group>";
		};
		3DE1EDA81DF69A4800BD3DDC /* Supporting Files */ = {
			isa = PBXGroup;
			children = (
				3DE1EDB41DF69A4800BD3DDC /* Assets.xcassets */,
				3DE1EDB61DF69A4800BD3DDC /* LaunchScreen.storyboard */,
				3DE1EDB91DF69A4800BD3DDC /* Info.plist */,
				3DE1EDA91DF69A4800BD3DDC /* main.m */,
				3DE1EDF01DF6C09B00BD3DDC /* PrefixHeader.pch */,
			);
			name = "Supporting Files";
			sourceTree = "<group>";
		};
		3DE1EDBF1DF6AFE200BD3DDC /* Class */ = {
			isa = PBXGroup;
			children = (
				3DE1EDC01DF6AFE200BD3DDC /* Calendar */,
				3DE1EDC41DF6AFE200BD3DDC /* Main */,
				3DE1EDC51DF6AFE200BD3DDC /* Other */,
				3DE1EDC81DF6AFE200BD3DDC /* Today */,
			);
			path = Class;
			sourceTree = "<group>";
		};
		3DE1EDC01DF6AFE200BD3DDC /* Calendar */ = {
			isa = PBXGroup;
			children = (
				3DE1EDC11DF6AFE200BD3DDC /* Controller */,
				3DE1EDC21DF6AFE200BD3DDC /* Model */,
				3DE1EDC31DF6AFE200BD3DDC /* View */,
			);
			path = Calendar;
			sourceTree = "<group>";
		};
		3DE1EDC11DF6AFE200BD3DDC /* Controller */ = {
			isa = PBXGroup;
			children = (
				3DE1EDD41DF6B22500BD3DDC /* JPSCalendarController.h */,
				3DE1EDD51DF6B22500BD3DDC /* JPSCalendarController.m */,
			);
			path = Controller;
			sourceTree = "<group>";
		};
		3DE1EDC21DF6AFE200BD3DDC /* Model */ = {
			isa = PBXGroup;
			children = (
			);
			path = Model;
			sourceTree = "<group>";
		};
		3DE1EDC31DF6AFE200BD3DDC /* View */ = {
			isa = PBXGroup;
			children = (
			);
			path = View;
			sourceTree = "<group>";
		};
		3DE1EDC41DF6AFE200BD3DDC /* Main */ = {
			isa = PBXGroup;
			children = (
				3DE1EDC61DF6AFE200BD3DDC /* AppDelegate.h */,
				3DE1EDC71DF6AFE200BD3DDC /* AppDelegate.m */,
				3DE1EDCE1DF6B15200BD3DDC /* JPSTabBarController.h */,
				3DE1EDCF1DF6B15200BD3DDC /* JPSTabBarController.m */,
				3DE1EDED1DF6BB9700BD3DDC /* JPSNavigationController.h */,
				3DE1EDEE1DF6BB9700BD3DDC /* JPSNavigationController.m */,
			);
			path = Main;
			sourceTree = "<group>";
		};
		3DE1EDC51DF6AFE200BD3DDC /* Other */ = {
			isa = PBXGroup;
			children = (
				3DE1EDF61DF6C3A500BD3DDC /* Configuration */,
				3DE1EDF11DF6C15E00BD3DDC /* Category */,
				3DE1EDDA1DF6B2C000BD3DDC /* Images */,
			);
			path = Other;
			sourceTree = "<group>";
		};
		3DE1EDC81DF6AFE200BD3DDC /* Today */ = {
			isa = PBXGroup;
			children = (
				3DE1EDC91DF6AFE200BD3DDC /* Controller */,
				3DE1EDCA1DF6AFE200BD3DDC /* Model */,
				3DE1EDCB1DF6AFE200BD3DDC /* View */,
			);
			path = Today;
			sourceTree = "<group>";
		};
		3DE1EDC91DF6AFE200BD3DDC /* Controller */ = {
			isa = PBXGroup;
			children = (
				3DE1EDD71DF6B24200BD3DDC /* JPSTodayController.h */,
				3DE1EDD81DF6B24200BD3DDC /* JPSTodayController.m */,
			);
			path = Controller;
			sourceTree = "<group>";
		};
		3DE1EDCA1DF6AFE200BD3DDC /* Model */ = {
			isa = PBXGroup;
			children = (
			);
			path = Model;
			sourceTree = "<group>";
		};
		3DE1EDCB1DF6AFE200BD3DDC /* View */ = {
			isa = PBXGroup;
			children = (
			);
			path = View;
			sourceTree = "<group>";
		};
		3DE1EDDA1DF6B2C000BD3DDC /* Images */ = {
			isa = PBXGroup;
			children = (
				3DE1EDDB1DF6B3E000BD3DDC /* Calendar */,
				3DE1EDDC1DF6B3E000BD3DDC /* Today */,
			);
			path = Images;
			sourceTree = "<group>";
		};
		3DE1EDDB1DF6B3E000BD3DDC /* Calendar */ = {
			isa = PBXGroup;
			children = (
				3DE1EDE11DF6B44000BD3DDC /* tabbar_nearby_btn_s@2x.png */,
				3DE1EDE21DF6B44000BD3DDC /* tabbar_nearby_btn_s@3x.png */,
				3DE1EDDD1DF6B42B00BD3DDC /* tabbar_nearby_btn_n@2x.png */,
				3DE1EDDE1DF6B42B00BD3DDC /* tabbar_nearby_btn_n@3x.png */,
			);
			path = Calendar;
			sourceTree = "<group>";
		};
		3DE1EDDC1DF6B3E000BD3DDC /* Today */ = {
			isa = PBXGroup;
			children = (
				3DE1EDE91DF6B46F00BD3DDC /* tabbar_mine_icon_n@2x.png */,
				3DE1EDEA1DF6B46F00BD3DDC /* tabbar_mine_icon_n@3x.png */,
				3DE1EDE51DF6B46200BD3DDC /* tabbar_mine_icon_s@2x.png */,
				3DE1EDE61DF6B46200BD3DDC /* tabbar_mine_icon_s@3x.png */,
			);
			path = Today;
			sourceTree = "<group>";
		};
		3DE1EDF11DF6C15E00BD3DDC /* Category */ = {
			isa = PBXGroup;
			children = (
				3DE1EDF21DF6C18700BD3DDC /* JPSExtensionHeader.h */,
				3DE1EDF31DF6C26A00BD3DDC /* UIImage+Extension.h */,
				3DE1EDF41DF6C26A00BD3DDC /* UIImage+Extension.m */,
			);
			path = Category;
			sourceTree = "<group>";
		};
		3DE1EDF61DF6C3A500BD3DDC /* Configuration */ = {
			isa = PBXGroup;
			children = (
				3DE1EDF81DF6C3F900BD3DDC /* JPSDefine.h */,
			);
			path = Configuration;
			sourceTree = "<group>";
		};
/* End PBXGroup section */

/* Begin PBXNativeTarget section */
		3DE1EDA41DF69A4800BD3DDC /* PlanningDiary */ = {
			isa = PBXNativeTarget;
			buildConfigurationList = 3DE1EDBC1DF69A4800BD3DDC /* Build configuration list for PBXNativeTarget "PlanningDiary" */;
			buildPhases = (
				3DE1EDA11DF69A4800BD3DDC /* Sources */,
				3DE1EDA21DF69A4800BD3DDC /* Frameworks */,
				3DE1EDA31DF69A4800BD3DDC /* Resources */,
			);
			buildRules = (
			);
			dependencies = (
			);
			name = PlanningDiary;
			productName = PlanningDiary;
			productReference = 3DE1EDA51DF69A4800BD3DDC /* PlanningDiary.app */;
			productType = "com.apple.product-type.application";
		};
/* End PBXNativeTarget section */

/* Begin PBXProject section */
		3DE1ED9D1DF69A4800BD3DDC /* Project object */ = {
			isa = PBXProject;
			attributes = {
				LastUpgradeCheck = 0800;
				ORGANIZATIONNAME = "庄鹏泽";
				TargetAttributes = {
					3DE1EDA41DF69A4800BD3DDC = {
						CreatedOnToolsVersion = 8.0;
						DevelopmentTeam = B5UXG3YX89;
						ProvisioningStyle = Automatic;
					};
				};
			};
			buildConfigurationList = 3DE1EDA01DF69A4800BD3DDC /* Build configuration list for PBXProject "PlanningDiary" */;
			compatibilityVersion = "Xcode 3.2";
			developmentRegion = English;
			hasScannedForEncodings = 0;
			knownRegions = (
				en,
				Base,
			);
			mainGroup = 3DE1ED9C1DF69A4800BD3DDC;
			productRefGroup = 3DE1EDA61DF69A4800BD3DDC /* Products */;
			projectDirPath = "";
			projectRoot = "";
			targets = (
				3DE1EDA41DF69A4800BD3DDC /* PlanningDiary */,
			);
		};
/* End PBXProject section */

/* Begin PBXResourcesBuildPhase section */
		3DE1EDA31DF69A4800BD3DDC /* Resources */ = {
			isa = PBXResourcesBuildPhase;
			buildActionMask = 2147483647;
			files = (
				3DE1EDB81DF69A4800BD3DDC /* LaunchScreen.storyboard in Resources */,
				3DE1EDEC1DF6B46F00BD3DDC /* tabbar_mine_icon_n@3x.png in Resources */,
				3DE1EDB51DF69A4800BD3DDC /* Assets.xcassets in Resources */,
				3DE1EDE81DF6B46200BD3DDC /* tabbar_mine_icon_s@3x.png in Resources */,
				3DE1EDE31DF6B44000BD3DDC /* tabbar_nearby_btn_s@2x.png in Resources */,
				3DE1EDE71DF6B46200BD3DDC /* tabbar_mine_icon_s@2x.png in Resources */,
				3DE1EDDF1DF6B42B00BD3DDC /* tabbar_nearby_btn_n@2x.png in Resources */,
				3DE1EDEB1DF6B46F00BD3DDC /* tabbar_mine_icon_n@2x.png in Resources */,
				3DE1EDE41DF6B44000BD3DDC /* tabbar_nearby_btn_s@3x.png in Resources */,
				3DE1EDE01DF6B42B00BD3DDC /* tabbar_nearby_btn_n@3x.png in Resources */,
			);
			runOnlyForDeploymentPostprocessing = 0;
		};
/* End PBXResourcesBuildPhase section */

/* Begin PBXSourcesBuildPhase section */
		3DE1EDA11DF69A4800BD3DDC /* Sources */ = {
			isa = PBXSourcesBuildPhase;
			buildActionMask = 2147483647;
			files = (
				3DE1EDCC1DF6AFE200BD3DDC /* AppDelegate.m in Sources */,
				3DE1EDF51DF6C26A00BD3DDC /* UIImage+Extension.m in Sources */,
				3DE1EDD01DF6B15200BD3DDC /* JPSTabBarController.m in Sources */,
				3DE1EDD91DF6B24200BD3DDC /* JPSTodayController.m in Sources */,
				3DE1EDEF1DF6BB9700BD3DDC /* JPSNavigationController.m in Sources */,
				3DE1EDAA1DF69A4800BD3DDC /* main.m in Sources */,
				3DE1EDD61DF6B22500BD3DDC /* JPSCalendarController.m in Sources */,
			);
			runOnlyForDeploymentPostprocessing = 0;
		};
/* End PBXSourcesBuildPhase section */

/* Begin PBXVariantGroup section */
		3DE1EDB61DF69A4800BD3DDC /* LaunchScreen.storyboard */ = {
			isa = PBXVariantGroup;
			children = (
				3DE1EDB71DF69A4800BD3DDC /* Base */,
			);
			name = LaunchScreen.storyboard;
			sourceTree = "<group>";
		};
/* End PBXVariantGroup section */

/* Begin XCBuildConfiguration section */
		3DE1EDBA1DF69A4800BD3DDC /* Debug */ = {
			isa = XCBuildConfiguration;
			buildSettings = {
				ALWAYS_SEARCH_USER_PATHS = NO;
				CLANG_ANALYZER_NONNULL = YES;
				CLANG_CXX_LANGUAGE_STANDARD = "gnu++0x";
				CLANG_CXX_LIBRARY = "libc++";
				CLANG_ENABLE_MODULES = YES;
				CLANG_ENABLE_OBJC_ARC = YES;
				CLANG_WARN_BOOL_CONVERSION = YES;
				CLANG_WARN_CONSTANT_CONVERSION = YES;
				CLANG_WARN_DIRECT_OBJC_ISA_USAGE = YES_ERROR;
				CLANG_WARN_DOCUMENTATION_COMMENTS = YES;
				CLANG_WARN_EMPTY_BODY = YES;
				CLANG_WARN_ENUM_CONVERSION = YES;
				CLANG_WARN_INFINITE_RECURSION = YES;
				CLANG_WARN_INT_CONVERSION = YES;
				CLANG_WARN_OBJC_ROOT_CLASS = YES_ERROR;
				CLANG_WARN_SUSPICIOUS_MOVES = YES;
				CLANG_WARN_UNREACHABLE_CODE = YES;
				CLANG_WARN__DUPLICATE_METHOD_MATCH = YES;
				"CODE_SIGN_IDENTITY[sdk=iphoneos*]" = "iPhone Developer";
				COPY_PHASE_STRIP = NO;
				DEBUG_INFORMATION_FORMAT = dwarf;
				ENABLE_STRICT_OBJC_MSGSEND = YES;
				ENABLE_TESTABILITY = YES;
				GCC_C_LANGUAGE_STANDARD = gnu99;
				GCC_DYNAMIC_NO_PIC = NO;
				GCC_NO_COMMON_BLOCKS = YES;
				GCC_OPTIMIZATION_LEVEL = 0;
				GCC_PREPROCESSOR_DEFINITIONS = (
					"DEBUG=1",
					"$(inherited)",
				);
				GCC_WARN_64_TO_32_BIT_CONVERSION = YES;
				GCC_WARN_ABOUT_RETURN_TYPE = YES_ERROR;
				GCC_WARN_UNDECLARED_SELECTOR = YES;
				GCC_WARN_UNINITIALIZED_AUTOS = YES_AGGRESSIVE;
				GCC_WARN_UNUSED_FUNCTION = YES;
				GCC_WARN_UNUSED_VARIABLE = YES;
				IPHONEOS_DEPLOYMENT_TARGET = 10.0;
				MTL_ENABLE_DEBUG_INFO = YES;
				ONLY_ACTIVE_ARCH = YES;
				SDKROOT = iphoneos;
				TARGETED_DEVICE_FAMILY = "1,2";
			};
			name = Debug;
		};
		3DE1EDBB1DF69A4800BD3DDC /* Release */ = {
			isa = XCBuildConfiguration;
			buildSettings = {
				ALWAYS_SEARCH_USER_PATHS = NO;
				CLANG_ANALYZER_NONNULL = YES;
				CLANG_CXX_LANGUAGE_STANDARD = "gnu++0x";
				CLANG_CXX_LIBRARY = "libc++";
				CLANG_ENABLE_MODULES = YES;
				CLANG_ENABLE_OBJC_ARC = YES;
				CLANG_WARN_BOOL_CONVERSION = YES;
				CLANG_WARN_CONSTANT_CONVERSION = YES;
				CLANG_WARN_DIRECT_OBJC_ISA_USAGE = YES_ERROR;
				CLANG_WARN_DOCUMENTATION_COMMENTS = YES;
				CLANG_WARN_EMPTY_BODY = YES;
				CLANG_WARN_ENUM_CONVERSION = YES;
				CLANG_WARN_INFINITE_RECURSION = YES;
				CLANG_WARN_INT_CONVERSION = YES;
				CLANG_WARN_OBJC_ROOT_CLASS = YES_ERROR;
				CLANG_WARN_SUSPICIOUS_MOVES = YES;
				CLANG_WARN_UNREACHABLE_CODE = YES;
				CLANG_WARN__DUPLICATE_METHOD_MATCH = YES;
				"CODE_SIGN_IDENTITY[sdk=iphoneos*]" = "iPhone Developer";
				COPY_PHASE_STRIP = NO;
				DEBUG_INFORMATION_FORMAT = "dwarf-with-dsym";
				ENABLE_NS_ASSERTIONS = NO;
				ENABLE_STRICT_OBJC_MSGSEND = YES;
				GCC_C_LANGUAGE_STANDARD = gnu99;
				GCC_NO_COMMON_BLOCKS = YES;
				GCC_WARN_64_TO_32_BIT_CONVERSION = YES;
				GCC_WARN_ABOUT_RETURN_TYPE = YES_ERROR;
				GCC_WARN_UNDECLARED_SELECTOR = YES;
				GCC_WARN_UNINITIALIZED_AUTOS = YES_AGGRESSIVE;
				GCC_WARN_UNUSED_FUNCTION = YES;
				GCC_WARN_UNUSED_VARIABLE = YES;
				IPHONEOS_DEPLOYMENT_TARGET = 10.0;
				MTL_ENABLE_DEBUG_INFO = NO;
				SDKROOT = iphoneos;
				TARGETED_DEVICE_FAMILY = "1,2";
				VALIDATE_PRODUCT = YES;
			};
			name = Release;
		};
		3DE1EDBD1DF69A4800BD3DDC /* Debug */ = {
			isa = XCBuildConfiguration;
			buildSettings = {
				ASSETCATALOG_COMPILER_APPICON_NAME = AppIcon;
				DEVELOPMENT_TEAM = B5UXG3YX89;
				GCC_PREFIX_HEADER = "$(SRCROOT)/PlanningDiary/PrefixHeader.pch";
				INFOPLIST_FILE = PlanningDiary/Info.plist;
				LD_RUNPATH_SEARCH_PATHS = "$(inherited) @executable_path/Frameworks";
				PRODUCT_BUNDLE_IDENTIFIER = Jepson.PlanningDiary;
				PRODUCT_NAME = "$(TARGET_NAME)";
			};
			name = Debug;
		};
		3DE1EDBE1DF69A4800BD3DDC /* Release */ = {
			isa = XCBuildConfiguration;
			buildSettings = {
				ASSETCATALOG_COMPILER_APPICON_NAME = AppIcon;
				DEVELOPMENT_TEAM = B5UXG3YX89;
				GCC_PREFIX_HEADER = "$(SRCROOT)/PlanningDiary/PrefixHeader.pch";
				INFOPLIST_FILE = PlanningDiary/Info.plist;
				LD_RUNPATH_SEARCH_PATHS = "$(inherited) @executable_path/Frameworks";
				PRODUCT_BUNDLE_IDENTIFIER = Jepson.PlanningDiary;
				PRODUCT_NAME = "$(TARGET_NAME)";
			};
			name = Release;
		};
/* End XCBuildConfiguration section */

/* Begin XCConfigurationList section */
		3DE1EDA01DF69A4800BD3DDC /* Build configuration list for PBXProject "PlanningDiary" */ = {
			isa = XCConfigurationList;
			buildConfigurations = (
				3DE1EDBA1DF69A4800BD3DDC /* Debug */,
				3DE1EDBB1DF69A4800BD3DDC /* Release */,
			);
			defaultConfigurationIsVisible = 0;
			defaultConfigurationName = Release;
		};
		3DE1EDBC1DF69A4800BD3DDC /* Build configuration list for PBXNativeTarget "PlanningDiary" */ = {
			isa = XCConfigurationList;
			buildConfigurations = (
				3DE1EDBD1DF69A4800BD3DDC /* Debug */,
				3DE1EDBE1DF69A4800BD3DDC /* Release */,
			);
			defaultConfigurationIsVisible = 0;
		};
/* End XCConfigurationList section */
	};
	rootObject = 3DE1ED9D1DF69A4800BD3DDC /* Project object */;
}
